
Microsoft Visual Studio Solution File, Format Version 12.00
# Visual Studio 15
VisualStudioVersion = 15.0.28307.2092
MinimumVisualStudioVersion = 10.0.40219.1
Project("{FAE04EC0-301F-11D3-BF4B-00C04F79EFBC}") = "seminar8ex1bc", "seminar8ex1bc\seminar8ex1bc.csproj", "{48E62876-1F80-4BA4-93C6-73E3E9A99296}"
EndProject
Global
	GlobalSection(SolutionConfigurationPlatforms) = preSolution
		Debug|Any CPU = Debug|Any CPU
		Release|Any CPU = Release|Any CPU
	EndGlobalSection
	GlobalSection(ProjectConfigurationPlatforms) = postSolution
		{48E62876-1F80-4BA4-93C6-73E3E9A99296}.Debug|Any CPU.ActiveCfg = Debug|Any CPU
		{48E62876-1F80-4BA4-93C6-73E3E9A99296}.Debug|Any CPU.Build.0 = Debug|Any CPU
		{48E62876-1F80-4BA4-93C6-73E3E9A99296}.Release|Any CPU.ActiveCfg = Release|Any CPU
		{48E62876-1F80-4BA4-93C6-73E3E9A99296}.Release|Any CPU.Build.0 = Release|Any CPU
	EndGlobalSection
	GlobalSection(SolutionProperties) = preSolution
		HideSolutionNode = FALSE
	EndGlobalSection
	GlobalSection(ExtensibilityGlobals) = postSolution
		SolutionGuid = {048CC150-87FA-457B-934F-90804F899E01}
	EndGlobalSection
EndGlobal
