
Microsoft Visual Studio Solution File, Format Version 12.00
# Visual Studio Version 17
VisualStudioVersion = 17.7.34221.43
MinimumVisualStudioVersion = 10.0.40219.1
Project("{FAE04EC0-301F-11D3-BF4B-00C04F79EFBC}") = "seminar1ex3", "seminar1ex3\seminar1ex3.csproj", "{729C10D9-9DD2-48DC-B1C8-E7BAB0855B29}"
EndProject
Global
	GlobalSection(SolutionConfigurationPlatforms) = preSolution
		Debug|Any CPU = Debug|Any CPU
		Release|Any CPU = Release|Any CPU
	EndGlobalSection
	GlobalSection(ProjectConfigurationPlatforms) = postSolution
		{729C10D9-9DD2-48DC-B1C8-E7BAB0855B29}.Debug|Any CPU.ActiveCfg = Debug|Any CPU
		{729C10D9-9DD2-48DC-B1C8-E7BAB0855B29}.Debug|Any CPU.Build.0 = Debug|Any CPU
		{729C10D9-9DD2-48DC-B1C8-E7BAB0855B29}.Release|Any CPU.ActiveCfg = Release|Any CPU
		{729C10D9-9DD2-48DC-B1C8-E7BAB0855B29}.Release|Any CPU.Build.0 = Release|Any CPU
	EndGlobalSection
	GlobalSection(SolutionProperties) = preSolution
		HideSolutionNode = FALSE
	EndGlobalSection
	GlobalSection(ExtensibilityGlobals) = postSolution
		SolutionGuid = {A79BEC7D-75B0-4EA2-B183-72196830ED95}
	EndGlobalSection
EndGlobal
